
Microsoft Visual Studio Solution File, Format Version 12.00
# Visual Studio Version 17
VisualStudioVersion = 17.4.33110.190
MinimumVisualStudioVersion = 10.0.40219.1
Project("{FAE04EC0-301F-11D3-BF4B-00C04F79EFBC}") = "PlaylistWebApp", "PlaylistWebApp\PlaylistWebApp.csproj", "{B5AA4F08-B6ED-4884-9A5F-CA1DF476D960}"
EndProject
Global
	GlobalSection(SolutionConfigurationPlatforms) = preSolution
		Debug|Any CPU = Debug|Any CPU
		Release|Any CPU = Release|Any CPU
	EndGlobalSection
	GlobalSection(ProjectConfigurationPlatforms) = postSolution
		{B5AA4F08-B6ED-4884-9A5F-CA1DF476D960}.Debug|Any CPU.ActiveCfg = Debug|Any CPU
		{B5AA4F08-B6ED-4884-9A5F-CA1DF476D960}.Debug|Any CPU.Build.0 = Debug|Any CPU
		{B5AA4F08-B6ED-4884-9A5F-CA1DF476D960}.Release|Any CPU.ActiveCfg = Release|Any CPU
		{B5AA4F08-B6ED-4884-9A5F-CA1DF476D960}.Release|Any CPU.Build.0 = Release|Any CPU
	EndGlobalSection
	GlobalSection(SolutionProperties) = preSolution
		HideSolutionNode = FALSE
	EndGlobalSection
	GlobalSection(ExtensibilityGlobals) = postSolution
		SolutionGuid = {D39D30F3-B4D8-495F-BE8B-C51949D91B15}
	EndGlobalSection
EndGlobal
